// !$*UTF8*$!
{
	archiveVersion = 1;
	classes = {
	};
	objectVersion = 46;
	objects = {

/* Begin PBXBuildFile section */
		9F2A662A15BFEC6D00FA4A9F /* UIKit.framework in Frameworks */ = {isa = PBXBuildFile; fileRef = 9F2A662915BFEC6D00FA4A9F /* UIKit.framework */; };
		9F2A662C15BFEC6D00FA4A9F /* Foundation.framework in Frameworks */ = {isa = PBXBuildFile; fileRef = 9F2A662B15BFEC6D00FA4A9F /* Foundation.framework */; };
		9F2A662E15BFEC6D00FA4A9F /* CoreGraphics.framework in Frameworks */ = {isa = PBXBuildFile; fileRef = 9F2A662D15BFEC6D00FA4A9F /* CoreGraphics.framework */; };
		9F2A663015BFEC6D00FA4A9F /* CoreData.framework in Frameworks */ = {isa = PBXBuildFile; fileRef = 9F2A662F15BFEC6D00FA4A9F /* CoreData.framework */; };
		9F2A663615BFEC6D00FA4A9F /* InfoPlist.strings in Resources */ = {isa = PBXBuildFile; fileRef = 9F2A663415BFEC6D00FA4A9F /* InfoPlist.strings */; };
		9F2A663815BFEC6D00FA4A9F /* main.m in Sources */ = {isa = PBXBuildFile; fileRef = 9F2A663715BFEC6D00FA4A9F /* main.m */; };
		9F2A663C15BFEC6D00FA4A9F /* CricketAppAppDelegate.m in Sources */ = {isa = PBXBuildFile; fileRef = 9F2A663B15BFEC6D00FA4A9F /* CricketAppAppDelegate.m */; };
		9F2A663F15BFEC6D00FA4A9F /* CricketApp.xcdatamodeld in Sources */ = {isa = PBXBuildFile; fileRef = 9F2A663D15BFEC6D00FA4A9F /* CricketApp.xcdatamodeld */; };
		9F2A664615C0030700FA4A9F /* Storyboard.storyboard in Resources */ = {isa = PBXBuildFile; fileRef = 9F2A664515C0030700FA4A9F /* Storyboard.storyboard */; };
/* End PBXBuildFile section */

/* Begin PBXFileReference section */
		9F2A662515BFEC6D00FA4A9F /* CricketApp.app */ = {isa = PBXFileReference; explicitFileType = wrapper.application; includeInIndex = 0; path = CricketApp.app; sourceTree = BUILT_PRODUCTS_DIR; };
		9F2A662915BFEC6D00FA4A9F /* UIKit.framework */ = {isa = PBXFileReference; lastKnownFileType = wrapper.framework; name = UIKit.framework; path = System/Library/Frameworks/UIKit.framework; sourceTree = SDKROOT; };
		9F2A662B15BFEC6D00FA4A9F /* Foundation.framework */ = {isa = PBXFileReference; lastKnownFileType = wrapper.framework; name = Foundation.framework; path = System/Library/Frameworks/Foundation.framework; sourceTree = SDKROOT; };
		9F2A662D15BFEC6D00FA4A9F /* CoreGraphics.framework */ = {isa = PBXFileReference; lastKnownFileType = wrapper.framework; name = CoreGraphics.framework; path = System/Library/Frameworks/CoreGraphics.framework; sourceTree = SDKROOT; };
		9F2A662F15BFEC6D00FA4A9F /* CoreData.framework */ = {isa = PBXFileReference; lastKnownFileType = wrapper.framework; name = CoreData.framework; path = System/Library/Frameworks/CoreData.framework; sourceTree = SDKROOT; };
		9F2A663315BFEC6D00FA4A9F /* CricketApp-Info.plist */ = {isa = PBXFileReference; lastKnownFileType = text.plist.xml; path = "CricketApp-Info.plist"; sourceTree = "<group>"; };
		9F2A663515BFEC6D00FA4A9F /* en */ = {isa = PBXFileReference; lastKnownFileType = text.plist.strings; name = en; path = en.lproj/InfoPlist.strings; sourceTree = "<group>"; };
		9F2A663715BFEC6D00FA4A9F /* main.m */ = {isa = PBXFileReference; lastKnownFileType = sourcecode.c.objc; path = main.m; sourceTree = "<group>"; };
		9F2A663915BFEC6D00FA4A9F /* CricketApp-Prefix.pch */ = {isa = PBXFileReference; lastKnownFileType = sourcecode.c.h; path = "CricketApp-Prefix.pch"; sourceTree = "<group>"; };
		9F2A663A15BFEC6D00FA4A9F /* CricketAppAppDelegate.h */ = {isa = PBXFileReference; lastKnownFileType = sourcecode.c.h; path = CricketAppAppDelegate.h; sourceTree = "<group>"; };
		9F2A663B15BFEC6D00FA4A9F /* CricketAppAppDelegate.m */ = {isa = PBXFileReference; lastKnownFileType = sourcecode.c.objc; path = CricketAppAppDelegate.m; sourceTree = "<group>"; };
		9F2A663E15BFEC6D00FA4A9F /* CricketApp.xcdatamodel */ = {isa = PBXFileReference; lastKnownFileType = wrapper.xcdatamodel; path = CricketApp.xcdatamodel; sourceTree = "<group>"; };
		9F2A664515C0030700FA4A9F /* Storyboard.storyboard */ = {isa = PBXFileReference; fileEncoding = 4; lastKnownFileType = file.storyboard; path = Storyboard.storyboard; sourceTree = "<group>"; };
/* End PBXFileReference section */

/* Begin PBXFrameworksBuildPhase section */
		9F2A662215BFEC6D00FA4A9F /* Frameworks */ = {
			isa = PBXFrameworksBuildPhase;
			buildActionMask = 2147483647;
			files = (
				9F2A662A15BFEC6D00FA4A9F /* UIKit.framework in Frameworks */,
				9F2A662C15BFEC6D00FA4A9F /* Foundation.framework in Frameworks */,
				9F2A662E15BFEC6D00FA4A9F /* CoreGraphics.framework in Frameworks */,
				9F2A663015BFEC6D00FA4A9F /* CoreData.framework in Frameworks */,
			);
			runOnlyForDeploymentPostprocessing = 0;
		};
/* End PBXFrameworksBuildPhase section */

/* Begin PBXGroup section */
		9F2A661A15BFEC6D00FA4A9F = {
			isa = PBXGroup;
			children = (
				9F2A663115BFEC6D00FA4A9F /* CricketApp */,
				9F2A662815BFEC6D00FA4A9F /* Frameworks */,
				9F2A662615BFEC6D00FA4A9F /* Products */,
			);
			sourceTree = "<group>";
		};
		9F2A662615BFEC6D00FA4A9F /* Products */ = {
			isa = PBXGroup;
			children = (
				9F2A662515BFEC6D00FA4A9F /* CricketApp.app */,
			);
			name = Products;
			sourceTree = "<group>";
		};
		9F2A662815BFEC6D00FA4A9F /* Frameworks */ = {
			isa = PBXGroup;
			children = (
				9F2A662915BFEC6D00FA4A9F /* UIKit.framework */,
				9F2A662B15BFEC6D00FA4A9F /* Foundation.framework */,
				9F2A662D15BFEC6D00FA4A9F /* CoreGraphics.framework */,
				9F2A662F15BFEC6D00FA4A9F /* CoreData.framework */,
			);
			name = Frameworks;
			sourceTree = "<group>";
		};
		9F2A663115BFEC6D00FA4A9F /* CricketApp */ = {
			isa = PBXGroup;
			children = (
				9F2A663A15BFEC6D00FA4A9F /* CricketAppAppDelegate.h */,
				9F2A663B15BFEC6D00FA4A9F /* CricketAppAppDelegate.m */,
				9F2A663D15BFEC6D00FA4A9F /* CricketApp.xcdatamodeld */,
				9F2A664515C0030700FA4A9F /* Storyboard.storyboard */,
				9F2A663215BFEC6D00FA4A9F /* Supporting Files */,
			);
			path = CricketApp;
			sourceTree = "<group>";
		};
		9F2A663215BFEC6D00FA4A9F /* Supporting Files */ = {
			isa = PBXGroup;
			children = (
				9F2A663315BFEC6D00FA4A9F /* CricketApp-Info.plist */,
				9F2A663415BFEC6D00FA4A9F /* InfoPlist.strings */,
				9F2A663715BFEC6D00FA4A9F /* main.m */,
				9F2A663915BFEC6D00FA4A9F /* CricketApp-Prefix.pch */,
			);
			name = "Supporting Files";
			sourceTree = "<group>";
		};
/* End PBXGroup section */

/* Begin PBXNativeTarget section */
		9F2A662415BFEC6D00FA4A9F /* CricketApp */ = {
			isa = PBXNativeTarget;
			buildConfigurationList = 9F2A664215BFEC6D00FA4A9F /* Build configuration list for PBXNativeTarget "CricketApp" */;
			buildPhases = (
				9F2A662115BFEC6D00FA4A9F /* Sources */,
				9F2A662215BFEC6D00FA4A9F /* Frameworks */,
				9F2A662315BFEC6D00FA4A9F /* Resources */,
			);
			buildRules = (
			);
			dependencies = (
			);
			name = CricketApp;
			productName = CricketApp;
			productReference = 9F2A662515BFEC6D00FA4A9F /* CricketApp.app */;
			productType = "com.apple.product-type.application";
		};
/* End PBXNativeTarget section */

/* Begin PBXProject section */
		9F2A661C15BFEC6D00FA4A9F /* Project object */ = {
			isa = PBXProject;
			attributes = {
				LastUpgradeCheck = 0420;
				ORGANIZATIONNAME = "Bristol University";
			};
			buildConfigurationList = 9F2A661F15BFEC6D00FA4A9F /* Build configuration list for PBXProject "CricketApp" */;
			compatibilityVersion = "Xcode 3.2";
			developmentRegion = English;
			hasScannedForEncodings = 0;
			knownRegions = (
				en,
			);
			mainGroup = 9F2A661A15BFEC6D00FA4A9F;
			productRefGroup = 9F2A662615BFEC6D00FA4A9F /* Products */;
			projectDirPath = "";
			projectRoot = "";
			targets = (
				9F2A662415BFEC6D00FA4A9F /* CricketApp */,
			);
		};
/* End PBXProject section */

/* Begin PBXResourcesBuildPhase section */
		9F2A662315BFEC6D00FA4A9F /* Resources */ = {
			isa = PBXResourcesBuildPhase;
			buildActionMask = 2147483647;
			files = (
				9F2A663615BFEC6D00FA4A9F /* InfoPlist.strings in Resources */,
				9F2A664615C0030700FA4A9F /* Storyboard.storyboard in Resources */,
			);
			runOnlyForDeploymentPostprocessing = 0;
		};
/* End PBXResourcesBuildPhase section */

/* Begin PBXSourcesBuildPhase section */
		9F2A662115BFEC6D00FA4A9F /* Sources */ = {
			isa = PBXSourcesBuildPhase;
			buildActionMask = 2147483647;
			files = (
				9F2A663815BFEC6D00FA4A9F /* main.m in Sources */,
				9F2A663C15BFEC6D00FA4A9F /* CricketAppAppDelegate.m in Sources */,
				9F2A663F15BFEC6D00FA4A9F /* CricketApp.xcdatamodeld in Sources */,
			);
			runOnlyForDeploymentPostprocessing = 0;
		};
/* End PBXSourcesBuildPhase section */

/* Begin PBXVariantGroup section */
		9F2A663415BFEC6D00FA4A9F /* InfoPlist.strings */ = {
			isa = PBXVariantGroup;
			children = (
				9F2A663515BFEC6D00FA4A9F /* en */,
			);
			name = InfoPlist.strings;
			sourceTree = "<group>";
		};
/* End PBXVariantGroup section */

/* Begin XCBuildConfiguration section */
		9F2A664015BFEC6D00FA4A9F /* Debug */ = {
			isa = XCBuildConfiguration;
			buildSettings = {
				ALWAYS_SEARCH_USER_PATHS = NO;
				ARCHS = "$(ARCHS_STANDARD_32_BIT)";
				CLANG_ENABLE_OBJC_ARC = YES;
				"CODE_SIGN_IDENTITY[sdk=iphoneos*]" = "iPhone Developer";
				COPY_PHASE_STRIP = NO;
				GCC_C_LANGUAGE_STANDARD = gnu99;
				GCC_DYNAMIC_NO_PIC = NO;
				GCC_OPTIMIZATION_LEVEL = 0;
				GCC_PREPROCESSOR_DEFINITIONS = (
					"DEBUG=1",
					"$(inherited)",
				);
				GCC_SYMBOLS_PRIVATE_EXTERN = NO;
				GCC_VERSION = com.apple.compilers.llvm.clang.1_0;
				GCC_WARN_ABOUT_MISSING_PROTOTYPES = YES;
				GCC_WARN_ABOUT_RETURN_TYPE = YES;
				GCC_WARN_UNUSED_VARIABLE = YES;
				IPHONEOS_DEPLOYMENT_TARGET = 5.0;
				SDKROOT = iphoneos;
			};
			name = Debug;
		};
		9F2A664115BFEC6D00FA4A9F /* Release */ = {
			isa = XCBuildConfiguration;
			buildSettings = {
				ALWAYS_SEARCH_USER_PATHS = NO;
				ARCHS = "$(ARCHS_STANDARD_32_BIT)";
				CLANG_ENABLE_OBJC_ARC = YES;
				"CODE_SIGN_IDENTITY[sdk=iphoneos*]" = "iPhone Developer";
				COPY_PHASE_STRIP = YES;
				GCC_C_LANGUAGE_STANDARD = gnu99;
				GCC_VERSION = com.apple.compilers.llvm.clang.1_0;
				GCC_WARN_ABOUT_MISSING_PROTOTYPES = YES;
				GCC_WARN_ABOUT_RETURN_TYPE = YES;
				GCC_WARN_UNUSED_VARIABLE = YES;
				IPHONEOS_DEPLOYMENT_TARGET = 5.0;
				OTHER_CFLAGS = "-DNS_BLOCK_ASSERTIONS=1";
				SDKROOT = iphoneos;
				VALIDATE_PRODUCT = YES;
			};
			name = Release;
		};
		9F2A664315BFEC6D00FA4A9F /* Debug */ = {
			isa = XCBuildConfiguration;
			buildSettings = {
				GCC_PRECOMPILE_PREFIX_HEADER = YES;
				GCC_PREFIX_HEADER = "CricketApp/CricketApp-Prefix.pch";
				INFOPLIST_FILE = "CricketApp/CricketApp-Info.plist";
				IPHONEOS_DEPLOYMENT_TARGET = 5.0;
				PRODUCT_NAME = "$(TARGET_NAME)";
				TARGETED_DEVICE_FAMILY = "1,2";
				WRAPPER_EXTENSION = app;
			};
			name = Debug;
		};
		9F2A664415BFEC6D00FA4A9F /* Release */ = {
			isa = XCBuildConfiguration;
			buildSettings = {
				GCC_PRECOMPILE_PREFIX_HEADER = YES;
				GCC_PREFIX_HEADER = "CricketApp/CricketApp-Prefix.pch";
				INFOPLIST_FILE = "CricketApp/CricketApp-Info.plist";
				IPHONEOS_DEPLOYMENT_TARGET = 5.0;
				PRODUCT_NAME = "$(TARGET_NAME)";
				TARGETED_DEVICE_FAMILY = "1,2";
				WRAPPER_EXTENSION = app;
			};
			name = Release;
		};
/* End XCBuildConfiguration section */

/* Begin XCConfigurationList section */
		9F2A661F15BFEC6D00FA4A9F /* Build configuration list for PBXProject "CricketApp" */ = {
			isa = XCConfigurationList;
			buildConfigurations = (
				9F2A664015BFEC6D00FA4A9F /* Debug */,
				9F2A664115BFEC6D00FA4A9F /* Release */,
			);
			defaultConfigurationIsVisible = 0;
			defaultConfigurationName = Release;
		};
		9F2A664215BFEC6D00FA4A9F /* Build configuration list for PBXNativeTarget "CricketApp" */ = {
			isa = XCConfigurationList;
			buildConfigurations = (
				9F2A664315BFEC6D00FA4A9F /* Debug */,
				9F2A664415BFEC6D00FA4A9F /* Release */,
			);
			defaultConfigurationIsVisible = 0;
		};
/* End XCConfigurationList section */

/* Begin XCVersionGroup section */
		9F2A663D15BFEC6D00FA4A9F /* CricketApp.xcdatamodeld */ = {
			isa = XCVersionGroup;
			children = (
				9F2A663E15BFEC6D00FA4A9F /* CricketApp.xcdatamodel */,
			);
			currentVersion = 9F2A663E15BFEC6D00FA4A9F /* CricketApp.xcdatamodel */;
			path = CricketApp.xcdatamodeld;
			sourceTree = "<group>";
			versionGroupType = wrapper.xcdatamodel;
		};
/* End XCVersionGroup section */
	};
	rootObject = 9F2A661C15BFEC6D00FA4A9F /* Project object */;
}
